
Microsoft Visual Studio Solution File, Format Version 12.00
Project("{FAE04EC0-301F-11D3-BF4B-00C04F79EFBC}") = "TitleServer", "TitleServer\TitleServer.csproj", "{6769966F-DC78-4A58-9D8B-E13A2BEAD902}"
EndProject
Project("{FAE04EC0-301F-11D3-BF4B-00C04F79EFBC}") = "TitleConsole", "TitleConsole\TitleConsole.csproj", "{15F2BF37-2D83-4926-AE49-3D33771C6C20}"
EndProject
Global
	GlobalSection(SolutionConfigurationPlatforms) = preSolution
		Debug|Any CPU = Debug|Any CPU
		Release|Any CPU = Release|Any CPU
	EndGlobalSection
	GlobalSection(ProjectConfigurationPlatforms) = postSolution
		{6769966F-DC78-4A58-9D8B-E13A2BEAD902}.Debug|Any CPU.ActiveCfg = Debug|Any CPU
		{6769966F-DC78-4A58-9D8B-E13A2BEAD902}.Debug|Any CPU.Build.0 = Debug|Any CPU
		{6769966F-DC78-4A58-9D8B-E13A2BEAD902}.Release|Any CPU.ActiveCfg = Release|Any CPU
		{6769966F-DC78-4A58-9D8B-E13A2BEAD902}.Release|Any CPU.Build.0 = Release|Any CPU
		{15F2BF37-2D83-4926-AE49-3D33771C6C20}.Debug|Any CPU.ActiveCfg = Debug|Any CPU
		{15F2BF37-2D83-4926-AE49-3D33771C6C20}.Debug|Any CPU.Build.0 = Debug|Any CPU
		{15F2BF37-2D83-4926-AE49-3D33771C6C20}.Release|Any CPU.ActiveCfg = Release|Any CPU
		{15F2BF37-2D83-4926-AE49-3D33771C6C20}.Release|Any CPU.Build.0 = Release|Any CPU
	EndGlobalSection
EndGlobal
